
Microsoft Visual Studio Solution File, Format Version 12.00
# Visual Studio 15
VisualStudioVersion = 15.0.28010.2048
MinimumVisualStudioVersion = 10.0.40219.1
Project("{FAE04EC0-301F-11D3-BF4B-00C04F79EFBC}") = "Absorber", "Absorber\Absorber.csproj", "{1260B1D3-EF7B-4F5A-BD93-FD2AC1F7FD31}"
EndProject
Global
	GlobalSection(SolutionConfigurationPlatforms) = preSolution
		Debug|Any CPU = Debug|Any CPU
		Release|Any CPU = Release|Any CPU
	EndGlobalSection
	GlobalSection(ProjectConfigurationPlatforms) = postSolution
		{1260B1D3-EF7B-4F5A-BD93-FD2AC1F7FD31}.Debug|Any CPU.ActiveCfg = Debug|Any CPU
		{1260B1D3-EF7B-4F5A-BD93-FD2AC1F7FD31}.Debug|Any CPU.Build.0 = Debug|Any CPU
		{1260B1D3-EF7B-4F5A-BD93-FD2AC1F7FD31}.Release|Any CPU.ActiveCfg = Release|Any CPU
		{1260B1D3-EF7B-4F5A-BD93-FD2AC1F7FD31}.Release|Any CPU.Build.0 = Release|Any CPU
	EndGlobalSection
	GlobalSection(SolutionProperties) = preSolution
		HideSolutionNode = FALSE
	EndGlobalSection
	GlobalSection(ExtensibilityGlobals) = postSolution
		SolutionGuid = {931FCD44-2B32-41FA-94CD-BC6CA4B4CEBB}
	EndGlobalSection
EndGlobal
